
Microsoft Visual Studio Solution File, Format Version 12.00
# Visual Studio Version 17
VisualStudioVersion = 17.6.33815.320
MinimumVisualStudioVersion = 10.0.40219.1
Project("{FAE04EC0-301F-11D3-BF4B-00C04F79EFBC}") = "Gruden", "Gruden\Gruden.csproj", "{1E8FBC5D-356B-4060-9C72-04DAB92C8B15}"
EndProject
Project("{2150E333-8FDC-42A3-9474-1A3956D46DE8}") = ".Tests", ".Tests", "{9ABE94FC-0FB1-49DD-8970-DA5DEF512E2F}"
EndProject
Project("{2150E333-8FDC-42A3-9474-1A3956D46DE8}") = "Web", "Web", "{BE131451-422E-4B1F-BEED-3D3D8AC5755E}"
EndProject
Project("{FAE04EC0-301F-11D3-BF4B-00C04F79EFBC}") = "GrudenTest", "GrudenTest\GrudenTest.csproj", "{007448E5-6767-40FF-BCDD-2E035509E22B}"
EndProject
Global
	GlobalSection(SolutionConfigurationPlatforms) = preSolution
		Debug|Any CPU = Debug|Any CPU
		Release|Any CPU = Release|Any CPU
	EndGlobalSection
	GlobalSection(ProjectConfigurationPlatforms) = postSolution
		{1E8FBC5D-356B-4060-9C72-04DAB92C8B15}.Debug|Any CPU.ActiveCfg = Debug|Any CPU
		{1E8FBC5D-356B-4060-9C72-04DAB92C8B15}.Debug|Any CPU.Build.0 = Debug|Any CPU
		{1E8FBC5D-356B-4060-9C72-04DAB92C8B15}.Release|Any CPU.ActiveCfg = Release|Any CPU
		{1E8FBC5D-356B-4060-9C72-04DAB92C8B15}.Release|Any CPU.Build.0 = Release|Any CPU
		{007448E5-6767-40FF-BCDD-2E035509E22B}.Debug|Any CPU.ActiveCfg = Debug|Any CPU
		{007448E5-6767-40FF-BCDD-2E035509E22B}.Debug|Any CPU.Build.0 = Debug|Any CPU
		{007448E5-6767-40FF-BCDD-2E035509E22B}.Release|Any CPU.ActiveCfg = Release|Any CPU
		{007448E5-6767-40FF-BCDD-2E035509E22B}.Release|Any CPU.Build.0 = Release|Any CPU
	EndGlobalSection
	GlobalSection(SolutionProperties) = preSolution
		HideSolutionNode = FALSE
	EndGlobalSection
	GlobalSection(NestedProjects) = preSolution
		{1E8FBC5D-356B-4060-9C72-04DAB92C8B15} = {BE131451-422E-4B1F-BEED-3D3D8AC5755E}
		{007448E5-6767-40FF-BCDD-2E035509E22B} = {9ABE94FC-0FB1-49DD-8970-DA5DEF512E2F}
	EndGlobalSection
	GlobalSection(ExtensibilityGlobals) = postSolution
		SolutionGuid = {225EFBF7-B4E2-4A53-AF51-872D91D8D618}
	EndGlobalSection
EndGlobal
